// !$*UTF8*$!
{
	archiveVersion = 1;
	classes = {
	};
	objectVersion = 46;
	objects = {

/* Begin PBXBuildFile section */
		7DAA69881D137DAB00F18FEC /* Evokly.framework in Frameworks */ = {isa = PBXBuildFile; fileRef = 7DAA69861D137D9E00F18FEC /* Evokly.framework */; };
		7DAA69891D137DAB00F18FEC /* Evokly.framework in Embed Frameworks */ = {isa = PBXBuildFile; fileRef = 7DAA69861D137D9E00F18FEC /* Evokly.framework */; settings = {ATTRIBUTES = (CodeSignOnCopy, RemoveHeadersOnCopy, ); }; };
		7DEF5FF31D117B3800C43A93 /* AppDelegate.swift in Sources */ = {isa = PBXBuildFile; fileRef = 7DEF5FF21D117B3800C43A93 /* AppDelegate.swift */; };
		7DEF5FF51D117B3800C43A93 /* ViewController.swift in Sources */ = {isa = PBXBuildFile; fileRef = 7DEF5FF41D117B3800C43A93 /* ViewController.swift */; };
		7DEF5FF81D117B3800C43A93 /* Main.storyboard in Resources */ = {isa = PBXBuildFile; fileRef = 7DEF5FF61D117B3800C43A93 /* Main.storyboard */; };
		7DEF5FFA1D117B3800C43A93 /* Assets.xcassets in Resources */ = {isa = PBXBuildFile; fileRef = 7DEF5FF91D117B3800C43A93 /* Assets.xcassets */; };
		7DEF5FFD1D117B3800C43A93 /* LaunchScreen.storyboard in Resources */ = {isa = PBXBuildFile; fileRef = 7DEF5FFB1D117B3800C43A93 /* LaunchScreen.storyboard */; };
/* End PBXBuildFile section */

/* Begin PBXCopyFilesBuildPhase section */
		7DAA698A1D137DAB00F18FEC /* Embed Frameworks */ = {
			isa = PBXCopyFilesBuildPhase;
			buildActionMask = 2147483647;
			dstPath = "";
			dstSubfolderSpec = 10;
			files = (
				7DAA69891D137DAB00F18FEC /* Evokly.framework in Embed Frameworks */,
			);
			name = "Embed Frameworks";
			runOnlyForDeploymentPostprocessing = 0;
		};
/* End PBXCopyFilesBuildPhase section */

/* Begin PBXFileReference section */
		7DAA69861D137D9E00F18FEC /* Evokly.framework */ = {isa = PBXFileReference; lastKnownFileType = wrapper.framework; name = Evokly.framework; path = ../../../Evokly.framework; sourceTree = "<group>"; };
		7DEF5FEF1D117B3800C43A93 /* SwiftApp.app */ = {isa = PBXFileReference; explicitFileType = wrapper.application; includeInIndex = 0; path = SwiftApp.app; sourceTree = BUILT_PRODUCTS_DIR; };
		7DEF5FF21D117B3800C43A93 /* AppDelegate.swift */ = {isa = PBXFileReference; lastKnownFileType = sourcecode.swift; path = AppDelegate.swift; sourceTree = "<group>"; };
		7DEF5FF41D117B3800C43A93 /* ViewController.swift */ = {isa = PBXFileReference; lastKnownFileType = sourcecode.swift; path = ViewController.swift; sourceTree = "<group>"; };
		7DEF5FF71D117B3800C43A93 /* Base */ = {isa = PBXFileReference; lastKnownFileType = file.storyboard; name = Base; path = Base.lproj/Main.storyboard; sourceTree = "<group>"; };
		7DEF5FF91D117B3800C43A93 /* Assets.xcassets */ = {isa = PBXFileReference; lastKnownFileType = folder.assetcatalog; path = Assets.xcassets; sourceTree = "<group>"; };
		7DEF5FFC1D117B3800C43A93 /* Base */ = {isa = PBXFileReference; lastKnownFileType = file.storyboard; name = Base; path = Base.lproj/LaunchScreen.storyboard; sourceTree = "<group>"; };
		7DEF5FFE1D117B3800C43A93 /* Info.plist */ = {isa = PBXFileReference; lastKnownFileType = text.plist.xml; path = Info.plist; sourceTree = "<group>"; };
/* End PBXFileReference section */

/* Begin PBXFrameworksBuildPhase section */
		7DEF5FEC1D117B3800C43A93 /* Frameworks */ = {
			isa = PBXFrameworksBuildPhase;
			buildActionMask = 2147483647;
			files = (
				7DAA69881D137DAB00F18FEC /* Evokly.framework in Frameworks */,
			);
			runOnlyForDeploymentPostprocessing = 0;
		};
/* End PBXFrameworksBuildPhase section */

/* Begin PBXGroup section */
		7DEF5FE61D117B3700C43A93 = {
			isa = PBXGroup;
			children = (
				7DEF5FF11D117B3800C43A93 /* SwiftApp */,
				7DEF5FF01D117B3800C43A93 /* Products */,
			);
			sourceTree = "<group>";
		};
		7DEF5FF01D117B3800C43A93 /* Products */ = {
			isa = PBXGroup;
			children = (
				7DEF5FEF1D117B3800C43A93 /* SwiftApp.app */,
			);
			name = Products;
			sourceTree = "<group>";
		};
		7DEF5FF11D117B3800C43A93 /* SwiftApp */ = {
			isa = PBXGroup;
			children = (
				7DAA69861D137D9E00F18FEC /* Evokly.framework */,
				7DEF5FF21D117B3800C43A93 /* AppDelegate.swift */,
				7DEF5FF41D117B3800C43A93 /* ViewController.swift */,
				7DEF5FF61D117B3800C43A93 /* Main.storyboard */,
				7DEF5FF91D117B3800C43A93 /* Assets.xcassets */,
				7DEF5FFB1D117B3800C43A93 /* LaunchScreen.storyboard */,
				7DEF5FFE1D117B3800C43A93 /* Info.plist */,
			);
			path = SwiftApp;
			sourceTree = "<group>";
		};
/* End PBXGroup section */

/* Begin PBXNativeTarget section */
		7DEF5FEE1D117B3800C43A93 /* SwiftApp */ = {
			isa = PBXNativeTarget;
			buildConfigurationList = 7DEF60011D117B3800C43A93 /* Build configuration list for PBXNativeTarget "SwiftApp" */;
			buildPhases = (
				7DEF5FEB1D117B3800C43A93 /* Sources */,
				7DEF5FEC1D117B3800C43A93 /* Frameworks */,
				7DEF5FED1D117B3800C43A93 /* Resources */,
				7DAA698A1D137DAB00F18FEC /* Embed Frameworks */,
				7D3FB35C1D17EB310090F6E4 /* ShellScript */,
			);
			buildRules = (
			);
			dependencies = (
			);
			name = SwiftApp;
			productName = SwiftApp;
			productReference = 7DEF5FEF1D117B3800C43A93 /* SwiftApp.app */;
			productType = "com.apple.product-type.application";
		};
/* End PBXNativeTarget section */

/* Begin PBXProject section */
		7DEF5FE71D117B3700C43A93 /* Project object */ = {
			isa = PBXProject;
			attributes = {
				LastSwiftUpdateCheck = 0730;
				LastUpgradeCheck = 0730;
				ORGANIZATIONNAME = Evokly;
				TargetAttributes = {
					7DEF5FEE1D117B3800C43A93 = {
						CreatedOnToolsVersion = 7.3.1;
					};
				};
			};
			buildConfigurationList = 7DEF5FEA1D117B3700C43A93 /* Build configuration list for PBXProject "SwiftApp" */;
			compatibilityVersion = "Xcode 3.2";
			developmentRegion = English;
			hasScannedForEncodings = 0;
			knownRegions = (
				en,
				Base,
			);
			mainGroup = 7DEF5FE61D117B3700C43A93;
			productRefGroup = 7DEF5FF01D117B3800C43A93 /* Products */;
			projectDirPath = "";
			projectRoot = "";
			targets = (
				7DEF5FEE1D117B3800C43A93 /* SwiftApp */,
			);
		};
/* End PBXProject section */

/* Begin PBXResourcesBuildPhase section */
		7DEF5FED1D117B3800C43A93 /* Resources */ = {
			isa = PBXResourcesBuildPhase;
			buildActionMask = 2147483647;
			files = (
				7DEF5FFD1D117B3800C43A93 /* LaunchScreen.storyboard in Resources */,
				7DEF5FFA1D117B3800C43A93 /* Assets.xcassets in Resources */,
				7DEF5FF81D117B3800C43A93 /* Main.storyboard in Resources */,
			);
			runOnlyForDeploymentPostprocessing = 0;
		};
/* End PBXResourcesBuildPhase section */

/* Begin PBXShellScriptBuildPhase section */
		7D3FB35C1D17EB310090F6E4 /* ShellScript */ = {
			isa = PBXShellScriptBuildPhase;
			buildActionMask = 2147483647;
			files = (
			);
			inputPaths = (
			);
			outputPaths = (
			);
			runOnlyForDeploymentPostprocessing = 0;
			shellPath = /bin/sh;
			shellScript = "bash \"${BUILT_PRODUCTS_DIR}/${FRAMEWORKS_FOLDER_PATH}/Evokly.framework/strip-frameworks.sh\"";
		};
/* End PBXShellScriptBuildPhase section */

/* Begin PBXSourcesBuildPhase section */
		7DEF5FEB1D117B3800C43A93 /* Sources */ = {
			isa = PBXSourcesBuildPhase;
			buildActionMask = 2147483647;
			files = (
				7DEF5FF51D117B3800C43A93 /* ViewController.swift in Sources */,
				7DEF5FF31D117B3800C43A93 /* AppDelegate.swift in Sources */,
			);
			runOnlyForDeploymentPostprocessing = 0;
		};
/* End PBXSourcesBuildPhase section */

/* Begin PBXVariantGroup section */
		7DEF5FF61D117B3800C43A93 /* Main.storyboard */ = {
			isa = PBXVariantGroup;
			children = (
				7DEF5FF71D117B3800C43A93 /* Base */,
			);
			name = Main.storyboard;
			sourceTree = "<group>";
		};
		7DEF5FFB1D117B3800C43A93 /* LaunchScreen.storyboard */ = {
			isa = PBXVariantGroup;
			children = (
				7DEF5FFC1D117B3800C43A93 /* Base */,
			);
			name = LaunchScreen.storyboard;
			sourceTree = "<group>";
		};
/* End PBXVariantGroup section */

/* Begin XCBuildConfiguration section */
		7DEF5FFF1D117B3800C43A93 /* Debug */ = {
			isa = XCBuildConfiguration;
			buildSettings = {
				ALWAYS_SEARCH_USER_PATHS = NO;
				CLANG_ANALYZER_NONNULL = YES;
				CLANG_CXX_LANGUAGE_STANDARD = "gnu++0x";
				CLANG_CXX_LIBRARY = "libc++";
				CLANG_ENABLE_MODULES = YES;
				CLANG_ENABLE_OBJC_ARC = YES;
				CLANG_WARN_BOOL_CONVERSION = YES;
				CLANG_WARN_CONSTANT_CONVERSION = YES;
				CLANG_WARN_DIRECT_OBJC_ISA_USAGE = YES_ERROR;
				CLANG_WARN_EMPTY_BODY = YES;
				CLANG_WARN_ENUM_CONVERSION = YES;
				CLANG_WARN_INT_CONVERSION = YES;
				CLANG_WARN_OBJC_ROOT_CLASS = YES_ERROR;
				CLANG_WARN_UNREACHABLE_CODE = YES;
				CLANG_WARN__DUPLICATE_METHOD_MATCH = YES;
				"CODE_SIGN_IDENTITY[sdk=iphoneos*]" = "iPhone Developer";
				COPY_PHASE_STRIP = NO;
				DEBUG_INFORMATION_FORMAT = dwarf;
				ENABLE_STRICT_OBJC_MSGSEND = YES;
				ENABLE_TESTABILITY = YES;
				GCC_C_LANGUAGE_STANDARD = gnu99;
				GCC_DYNAMIC_NO_PIC = NO;
				GCC_NO_COMMON_BLOCKS = YES;
				GCC_OPTIMIZATION_LEVEL = 0;
				GCC_PREPROCESSOR_DEFINITIONS = (
					"DEBUG=1",
					"$(inherited)",
				);
				GCC_WARN_64_TO_32_BIT_CONVERSION = YES;
				GCC_WARN_ABOUT_RETURN_TYPE = YES_ERROR;
				GCC_WARN_UNDECLARED_SELECTOR = YES;
				GCC_WARN_UNINITIALIZED_AUTOS = YES_AGGRESSIVE;
				GCC_WARN_UNUSED_FUNCTION = YES;
				GCC_WARN_UNUSED_VARIABLE = YES;
				IPHONEOS_DEPLOYMENT_TARGET = 9.3;
				MTL_ENABLE_DEBUG_INFO = YES;
				ONLY_ACTIVE_ARCH = YES;
				SDKROOT = iphoneos;
				SWIFT_OPTIMIZATION_LEVEL = "-Onone";
			};
			name = Debug;
		};
		7DEF60001D117B3800C43A93 /* Release */ = {
			isa = XCBuildConfiguration;
			buildSettings = {
				ALWAYS_SEARCH_USER_PATHS = NO;
				CLANG_ANALYZER_NONNULL = YES;
				CLANG_CXX_LANGUAGE_STANDARD = "gnu++0x";
				CLANG_CXX_LIBRARY = "libc++";
				CLANG_ENABLE_MODULES = YES;
				CLANG_ENABLE_OBJC_ARC = YES;
				CLANG_WARN_BOOL_CONVERSION = YES;
				CLANG_WARN_CONSTANT_CONVERSION = YES;
				CLANG_WARN_DIRECT_OBJC_ISA_USAGE = YES_ERROR;
				CLANG_WARN_EMPTY_BODY = YES;
				CLANG_WARN_ENUM_CONVERSION = YES;
				CLANG_WARN_INT_CONVERSION = YES;
				CLANG_WARN_OBJC_ROOT_CLASS = YES_ERROR;
				CLANG_WARN_UNREACHABLE_CODE = YES;
				CLANG_WARN__DUPLICATE_METHOD_MATCH = YES;
				"CODE_SIGN_IDENTITY[sdk=iphoneos*]" = "iPhone Developer";
				COPY_PHASE_STRIP = NO;
				DEBUG_INFORMATION_FORMAT = "dwarf-with-dsym";
				ENABLE_NS_ASSERTIONS = NO;
				ENABLE_STRICT_OBJC_MSGSEND = YES;
				GCC_C_LANGUAGE_STANDARD = gnu99;
				GCC_NO_COMMON_BLOCKS = YES;
				GCC_WARN_64_TO_32_BIT_CONVERSION = YES;
				GCC_WARN_ABOUT_RETURN_TYPE = YES_ERROR;
				GCC_WARN_UNDECLARED_SELECTOR = YES;
				GCC_WARN_UNINITIALIZED_AUTOS = YES_AGGRESSIVE;
				GCC_WARN_UNUSED_FUNCTION = YES;
				GCC_WARN_UNUSED_VARIABLE = YES;
				IPHONEOS_DEPLOYMENT_TARGET = 9.3;
				MTL_ENABLE_DEBUG_INFO = NO;
				SDKROOT = iphoneos;
				VALIDATE_PRODUCT = YES;
			};
			name = Release;
		};
		7DEF60021D117B3800C43A93 /* Debug */ = {
			isa = XCBuildConfiguration;
			buildSettings = {
				ALWAYS_SEARCH_USER_PATHS = YES;
				ASSETCATALOG_COMPILER_APPICON_NAME = AppIcon;
				FRAMEWORK_SEARCH_PATHS = (
					../..,
					"$(PROJECT_DIR)/SwiftApp",
					"$(PROJECT_DIR)",
				);
				HEADER_SEARCH_PATHS = (
					../..,
					"/Users/tetek/Code/evokly/ios-sdk",
				);
				INFOPLIST_FILE = SwiftApp/Info.plist;
				LD_RUNPATH_SEARCH_PATHS = "$(inherited) @executable_path/Frameworks";
				PRODUCT_BUNDLE_IDENTIFIER = com.evokly.SwiftApp;
				PRODUCT_NAME = "$(TARGET_NAME)";
				SWIFT_INCLUDE_PATHS = ../..;
				USER_HEADER_SEARCH_PATHS = ../..;
			};
			name = Debug;
		};
		7DEF60031D117B3800C43A93 /* Release */ = {
			isa = XCBuildConfiguration;
			buildSettings = {
				ALWAYS_SEARCH_USER_PATHS = YES;
				ASSETCATALOG_COMPILER_APPICON_NAME = AppIcon;
				FRAMEWORK_SEARCH_PATHS = (
					../..,
					"$(PROJECT_DIR)/SwiftApp",
					"$(PROJECT_DIR)",
				);
				HEADER_SEARCH_PATHS = (
					../..,
					"/Users/tetek/Code/evokly/ios-sdk",
				);
				INFOPLIST_FILE = SwiftApp/Info.plist;
				LD_RUNPATH_SEARCH_PATHS = "$(inherited) @executable_path/Frameworks";
				PRODUCT_BUNDLE_IDENTIFIER = com.evokly.SwiftApp;
				PRODUCT_NAME = "$(TARGET_NAME)";
				SWIFT_INCLUDE_PATHS = ../..;
				USER_HEADER_SEARCH_PATHS = ../..;
			};
			name = Release;
		};
/* End XCBuildConfiguration section */

/* Begin XCConfigurationList section */
		7DEF5FEA1D117B3700C43A93 /* Build configuration list for PBXProject "SwiftApp" */ = {
			isa = XCConfigurationList;
			buildConfigurations = (
				7DEF5FFF1D117B3800C43A93 /* Debug */,
				7DEF60001D117B3800C43A93 /* Release */,
			);
			defaultConfigurationIsVisible = 0;
			defaultConfigurationName = Release;
		};
		7DEF60011D117B3800C43A93 /* Build configuration list for PBXNativeTarget "SwiftApp" */ = {
			isa = XCConfigurationList;
			buildConfigurations = (
				7DEF60021D117B3800C43A93 /* Debug */,
				7DEF60031D117B3800C43A93 /* Release */,
			);
			defaultConfigurationIsVisible = 0;
			defaultConfigurationName = Release;
		};
/* End XCConfigurationList section */
	};
	rootObject = 7DEF5FE71D117B3700C43A93 /* Project object */;
}
